// !$*UTF8*$!
{
	archiveVersion = 1;
	classes = {
	};
	objectVersion = 48;
	objects = {

/* Begin PBXBuildFile section */
		EEE8E2552019F65400A9EE06 /* AppDelegate.swift in Sources */ = {isa = PBXBuildFile; fileRef = EEE8E2542019F65400A9EE06 /* AppDelegate.swift */; };
		EEE8E2572019F65400A9EE06 /* ViewController.swift in Sources */ = {isa = PBXBuildFile; fileRef = EEE8E2562019F65400A9EE06 /* ViewController.swift */; };
		EEE8E25A2019F65400A9EE06 /* Main.storyboard in Resources */ = {isa = PBXBuildFile; fileRef = EEE8E2582019F65400A9EE06 /* Main.storyboard */; };
		EEE8E25D2019F65400A9EE06 /* Notes.xcdatamodeld in Sources */ = {isa = PBXBuildFile; fileRef = EEE8E25B2019F65400A9EE06 /* Notes.xcdatamodeld */; };
		EEE8E25F2019F65400A9EE06 /* Assets.xcassets in Resources */ = {isa = PBXBuildFile; fileRef = EEE8E25E2019F65400A9EE06 /* Assets.xcassets */; };
		EEE8E2622019F65400A9EE06 /* LaunchScreen.storyboard in Resources */ = {isa = PBXBuildFile; fileRef = EEE8E2602019F65400A9EE06 /* LaunchScreen.storyboard */; };
		EEE8E2722019F96F00A9EE06 /* CoreDataManager.swift in Sources */ = {isa = PBXBuildFile; fileRef = EEE8E2712019F96F00A9EE06 /* CoreDataManager.swift */; };
/* End PBXBuildFile section */

/* Begin PBXFileReference section */
		EEE8E2512019F65400A9EE06 /* Notes.app */ = {isa = PBXFileReference; explicitFileType = wrapper.application; includeInIndex = 0; path = Notes.app; sourceTree = BUILT_PRODUCTS_DIR; };
		EEE8E2542019F65400A9EE06 /* AppDelegate.swift */ = {isa = PBXFileReference; lastKnownFileType = sourcecode.swift; path = AppDelegate.swift; sourceTree = "<group>"; };
		EEE8E2562019F65400A9EE06 /* ViewController.swift */ = {isa = PBXFileReference; lastKnownFileType = sourcecode.swift; path = ViewController.swift; sourceTree = "<group>"; };
		EEE8E2592019F65400A9EE06 /* Base */ = {isa = PBXFileReference; lastKnownFileType = file.storyboard; name = Base; path = Base.lproj/Main.storyboard; sourceTree = "<group>"; };
		EEE8E25C2019F65400A9EE06 /* Notes.xcdatamodel */ = {isa = PBXFileReference; lastKnownFileType = wrapper.xcdatamodel; path = Notes.xcdatamodel; sourceTree = "<group>"; };
		EEE8E25E2019F65400A9EE06 /* Assets.xcassets */ = {isa = PBXFileReference; lastKnownFileType = folder.assetcatalog; path = Assets.xcassets; sourceTree = "<group>"; };
		EEE8E2612019F65400A9EE06 /* Base */ = {isa = PBXFileReference; lastKnownFileType = file.storyboard; name = Base; path = Base.lproj/LaunchScreen.storyboard; sourceTree = "<group>"; };
		EEE8E2632019F65400A9EE06 /* Info.plist */ = {isa = PBXFileReference; lastKnownFileType = text.plist.xml; path = Info.plist; sourceTree = "<group>"; };
		EEE8E2712019F96F00A9EE06 /* CoreDataManager.swift */ = {isa = PBXFileReference; lastKnownFileType = sourcecode.swift; path = CoreDataManager.swift; sourceTree = "<group>"; };
/* End PBXFileReference section */

/* Begin PBXFrameworksBuildPhase section */
		EEE8E24E2019F65400A9EE06 /* Frameworks */ = {
			isa = PBXFrameworksBuildPhase;
			buildActionMask = 2147483647;
			files = (
			);
			runOnlyForDeploymentPostprocessing = 0;
		};
/* End PBXFrameworksBuildPhase section */

/* Begin PBXGroup section */
		EEE8E2482019F65400A9EE06 = {
			isa = PBXGroup;
			children = (
				EEE8E2532019F65400A9EE06 /* Notes */,
				EEE8E2522019F65400A9EE06 /* Products */,
			);
			sourceTree = "<group>";
		};
		EEE8E2522019F65400A9EE06 /* Products */ = {
			isa = PBXGroup;
			children = (
				EEE8E2512019F65400A9EE06 /* Notes.app */,
			);
			name = Products;
			sourceTree = "<group>";
		};
		EEE8E2532019F65400A9EE06 /* Notes */ = {
			isa = PBXGroup;
			children = (
				EEE8E2692019F83F00A9EE06 /* Application Delegate */,
				EEE8E26F2019F89E00A9EE06 /* Core Data */,
				EEE8E2702019F95C00A9EE06 /* Managers */,
				EEE8E26A2019F84900A9EE06 /* Resources */,
				EEE8E26B2019F85800A9EE06 /* Storyboards */,
				EEE8E26C2019F86D00A9EE06 /* Supporting Files */,
				EEE8E26D2019F87A00A9EE06 /* View Controllers */,
			);
			path = Notes;
			sourceTree = "<group>";
		};
		EEE8E2692019F83F00A9EE06 /* Application Delegate */ = {
			isa = PBXGroup;
			children = (
				EEE8E2542019F65400A9EE06 /* AppDelegate.swift */,
			);
			path = "Application Delegate";
			sourceTree = "<group>";
		};
		EEE8E26A2019F84900A9EE06 /* Resources */ = {
			isa = PBXGroup;
			children = (
				EEE8E25E2019F65400A9EE06 /* Assets.xcassets */,
			);
			path = Resources;
			sourceTree = "<group>";
		};
		EEE8E26B2019F85800A9EE06 /* Storyboards */ = {
			isa = PBXGroup;
			children = (
				EEE8E2582019F65400A9EE06 /* Main.storyboard */,
				EEE8E2602019F65400A9EE06 /* LaunchScreen.storyboard */,
			);
			path = Storyboards;
			sourceTree = "<group>";
		};
		EEE8E26C2019F86D00A9EE06 /* Supporting Files */ = {
			isa = PBXGroup;
			children = (
				EEE8E2632019F65400A9EE06 /* Info.plist */,
			);
			path = "Supporting Files";
			sourceTree = "<group>";
		};
		EEE8E26D2019F87A00A9EE06 /* View Controllers */ = {
			isa = PBXGroup;
			children = (
				EEE8E26E2019F88400A9EE06 /* Root View Controller */,
			);
			path = "View Controllers";
			sourceTree = "<group>";
		};
		EEE8E26E2019F88400A9EE06 /* Root View Controller */ = {
			isa = PBXGroup;
			children = (
				EEE8E2562019F65400A9EE06 /* ViewController.swift */,
			);
			path = "Root View Controller";
			sourceTree = "<group>";
		};
		EEE8E26F2019F89E00A9EE06 /* Core Data */ = {
			isa = PBXGroup;
			children = (
				EEE8E25B2019F65400A9EE06 /* Notes.xcdatamodeld */,
			);
			path = "Core Data";
			sourceTree = "<group>";
		};
		EEE8E2702019F95C00A9EE06 /* Managers */ = {
			isa = PBXGroup;
			children = (
				EEE8E2712019F96F00A9EE06 /* CoreDataManager.swift */,
			);
			path = Managers;
			sourceTree = "<group>";
		};
/* End PBXGroup section */

/* Begin PBXNativeTarget section */
		EEE8E2502019F65400A9EE06 /* Notes */ = {
			isa = PBXNativeTarget;
			buildConfigurationList = EEE8E2662019F65400A9EE06 /* Build configuration list for PBXNativeTarget "Notes" */;
			buildPhases = (
				EEE8E24D2019F65400A9EE06 /* Sources */,
				EEE8E24E2019F65400A9EE06 /* Frameworks */,
				EEE8E24F2019F65400A9EE06 /* Resources */,
			);
			buildRules = (
			);
			dependencies = (
			);
			name = Notes;
			productName = Notes;
			productReference = EEE8E2512019F65400A9EE06 /* Notes.app */;
			productType = "com.apple.product-type.application";
		};
/* End PBXNativeTarget section */

/* Begin PBXProject section */
		EEE8E2492019F65400A9EE06 /* Project object */ = {
			isa = PBXProject;
			attributes = {
				LastSwiftUpdateCheck = 0920;
				LastUpgradeCheck = 0920;
				ORGANIZATIONNAME = "Victor S Melo";
				TargetAttributes = {
					EEE8E2502019F65400A9EE06 = {
						CreatedOnToolsVersion = 9.2;
						ProvisioningStyle = Automatic;
					};
				};
			};
			buildConfigurationList = EEE8E24C2019F65400A9EE06 /* Build configuration list for PBXProject "Notes" */;
			compatibilityVersion = "Xcode 8.0";
			developmentRegion = en;
			hasScannedForEncodings = 0;
			knownRegions = (
				en,
				Base,
			);
			mainGroup = EEE8E2482019F65400A9EE06;
			productRefGroup = EEE8E2522019F65400A9EE06 /* Products */;
			projectDirPath = "";
			projectRoot = "";
			targets = (
				EEE8E2502019F65400A9EE06 /* Notes */,
			);
		};
/* End PBXProject section */

/* Begin PBXResourcesBuildPhase section */
		EEE8E24F2019F65400A9EE06 /* Resources */ = {
			isa = PBXResourcesBuildPhase;
			buildActionMask = 2147483647;
			files = (
				EEE8E2622019F65400A9EE06 /* LaunchScreen.storyboard in Resources */,
				EEE8E25F2019F65400A9EE06 /* Assets.xcassets in Resources */,
				EEE8E25A2019F65400A9EE06 /* Main.storyboard in Resources */,
			);
			runOnlyForDeploymentPostprocessing = 0;
		};
/* End PBXResourcesBuildPhase section */

/* Begin PBXSourcesBuildPhase section */
		EEE8E24D2019F65400A9EE06 /* Sources */ = {
			isa = PBXSourcesBuildPhase;
			buildActionMask = 2147483647;
			files = (
				EEE8E2572019F65400A9EE06 /* ViewController.swift in Sources */,
				EEE8E25D2019F65400A9EE06 /* Notes.xcdatamodeld in Sources */,
				EEE8E2722019F96F00A9EE06 /* CoreDataManager.swift in Sources */,
				EEE8E2552019F65400A9EE06 /* AppDelegate.swift in Sources */,
			);
			runOnlyForDeploymentPostprocessing = 0;
		};
/* End PBXSourcesBuildPhase section */

/* Begin PBXVariantGroup section */
		EEE8E2582019F65400A9EE06 /* Main.storyboard */ = {
			isa = PBXVariantGroup;
			children = (
				EEE8E2592019F65400A9EE06 /* Base */,
			);
			name = Main.storyboard;
			sourceTree = "<group>";
		};
		EEE8E2602019F65400A9EE06 /* LaunchScreen.storyboard */ = {
			isa = PBXVariantGroup;
			children = (
				EEE8E2612019F65400A9EE06 /* Base */,
			);
			name = LaunchScreen.storyboard;
			sourceTree = "<group>";
		};
/* End PBXVariantGroup section */

/* Begin XCBuildConfiguration section */
		EEE8E2642019F65400A9EE06 /* Debug */ = {
			isa = XCBuildConfiguration;
			buildSettings = {
				ALWAYS_SEARCH_USER_PATHS = NO;
				CLANG_ANALYZER_NONNULL = YES;
				CLANG_ANALYZER_NUMBER_OBJECT_CONVERSION = YES_AGGRESSIVE;
				CLANG_CXX_LANGUAGE_STANDARD = "gnu++14";
				CLANG_CXX_LIBRARY = "libc++";
				CLANG_ENABLE_MODULES = YES;
				CLANG_ENABLE_OBJC_ARC = YES;
				CLANG_WARN_BLOCK_CAPTURE_AUTORELEASING = YES;
				CLANG_WARN_BOOL_CONVERSION = YES;
				CLANG_WARN_COMMA = YES;
				CLANG_WARN_CONSTANT_CONVERSION = YES;
				CLANG_WARN_DIRECT_OBJC_ISA_USAGE = YES_ERROR;
				CLANG_WARN_DOCUMENTATION_COMMENTS = YES;
				CLANG_WARN_EMPTY_BODY = YES;
				CLANG_WARN_ENUM_CONVERSION = YES;
				CLANG_WARN_INFINITE_RECURSION = YES;
				CLANG_WARN_INT_CONVERSION = YES;
				CLANG_WARN_NON_LITERAL_NULL_CONVERSION = YES;
				CLANG_WARN_OBJC_LITERAL_CONVERSION = YES;
				CLANG_WARN_OBJC_ROOT_CLASS = YES_ERROR;
				CLANG_WARN_RANGE_LOOP_ANALYSIS = YES;
				CLANG_WARN_STRICT_PROTOTYPES = YES;
				CLANG_WARN_SUSPICIOUS_MOVE = YES;
				CLANG_WARN_UNGUARDED_AVAILABILITY = YES_AGGRESSIVE;
				CLANG_WARN_UNREACHABLE_CODE = YES;
				CLANG_WARN__DUPLICATE_METHOD_MATCH = YES;
				CODE_SIGN_IDENTITY = "iPhone Developer";
				COPY_PHASE_STRIP = NO;
				DEBUG_INFORMATION_FORMAT = dwarf;
				ENABLE_STRICT_OBJC_MSGSEND = YES;
				ENABLE_TESTABILITY = YES;
				GCC_C_LANGUAGE_STANDARD = gnu11;
				GCC_DYNAMIC_NO_PIC = NO;
				GCC_NO_COMMON_BLOCKS = YES;
				GCC_OPTIMIZATION_LEVEL = 0;
				GCC_PREPROCESSOR_DEFINITIONS = (
					"DEBUG=1",
					"$(inherited)",
				);
				GCC_WARN_64_TO_32_BIT_CONVERSION = YES;
				GCC_WARN_ABOUT_RETURN_TYPE = YES_ERROR;
				GCC_WARN_UNDECLARED_SELECTOR = YES;
				GCC_WARN_UNINITIALIZED_AUTOS = YES_AGGRESSIVE;
				GCC_WARN_UNUSED_FUNCTION = YES;
				GCC_WARN_UNUSED_VARIABLE = YES;
				IPHONEOS_DEPLOYMENT_TARGET = 11.2;
				MTL_ENABLE_DEBUG_INFO = YES;
				ONLY_ACTIVE_ARCH = YES;
				SDKROOT = iphoneos;
				SWIFT_ACTIVE_COMPILATION_CONDITIONS = DEBUG;
				SWIFT_OPTIMIZATION_LEVEL = "-Onone";
			};
			name = Debug;
		};
		EEE8E2652019F65400A9EE06 /* Release */ = {
			isa = XCBuildConfiguration;
			buildSettings = {
				ALWAYS_SEARCH_USER_PATHS = NO;
				CLANG_ANALYZER_NONNULL = YES;
				CLANG_ANALYZER_NUMBER_OBJECT_CONVERSION = YES_AGGRESSIVE;
				CLANG_CXX_LANGUAGE_STANDARD = "gnu++14";
				CLANG_CXX_LIBRARY = "libc++";
				CLANG_ENABLE_MODULES = YES;
				CLANG_ENABLE_OBJC_ARC = YES;
				CLANG_WARN_BLOCK_CAPTURE_AUTORELEASING = YES;
				CLANG_WARN_BOOL_CONVERSION = YES;
				CLANG_WARN_COMMA = YES;
				CLANG_WARN_CONSTANT_CONVERSION = YES;
				CLANG_WARN_DIRECT_OBJC_ISA_USAGE = YES_ERROR;
				CLANG_WARN_DOCUMENTATION_COMMENTS = YES;
				CLANG_WARN_EMPTY_BODY = YES;
				CLANG_WARN_ENUM_CONVERSION = YES;
				CLANG_WARN_INFINITE_RECURSION = YES;
				CLANG_WARN_INT_CONVERSION = YES;
				CLANG_WARN_NON_LITERAL_NULL_CONVERSION = YES;
				CLANG_WARN_OBJC_LITERAL_CONVERSION = YES;
				CLANG_WARN_OBJC_ROOT_CLASS = YES_ERROR;
				CLANG_WARN_RANGE_LOOP_ANALYSIS = YES;
				CLANG_WARN_STRICT_PROTOTYPES = YES;
				CLANG_WARN_SUSPICIOUS_MOVE = YES;
				CLANG_WARN_UNGUARDED_AVAILABILITY = YES_AGGRESSIVE;
				CLANG_WARN_UNREACHABLE_CODE = YES;
				CLANG_WARN__DUPLICATE_METHOD_MATCH = YES;
				CODE_SIGN_IDENTITY = "iPhone Developer";
				COPY_PHASE_STRIP = NO;
				DEBUG_INFORMATION_FORMAT = "dwarf-with-dsym";
				ENABLE_NS_ASSERTIONS = NO;
				ENABLE_STRICT_OBJC_MSGSEND = YES;
				GCC_C_LANGUAGE_STANDARD = gnu11;
				GCC_NO_COMMON_BLOCKS = YES;
				GCC_WARN_64_TO_32_BIT_CONVERSION = YES;
				GCC_WARN_ABOUT_RETURN_TYPE = YES_ERROR;
				GCC_WARN_UNDECLARED_SELECTOR = YES;
				GCC_WARN_UNINITIALIZED_AUTOS = YES_AGGRESSIVE;
				GCC_WARN_UNUSED_FUNCTION = YES;
				GCC_WARN_UNUSED_VARIABLE = YES;
				IPHONEOS_DEPLOYMENT_TARGET = 11.2;
				MTL_ENABLE_DEBUG_INFO = NO;
				SDKROOT = iphoneos;
				SWIFT_OPTIMIZATION_LEVEL = "-Owholemodule";
				VALIDATE_PRODUCT = YES;
			};
			name = Release;
		};
		EEE8E2672019F65400A9EE06 /* Debug */ = {
			isa = XCBuildConfiguration;
			buildSettings = {
				ASSETCATALOG_COMPILER_APPICON_NAME = AppIcon;
				CODE_SIGN_STYLE = Automatic;
				DEVELOPMENT_TEAM = Y93HUJS49V;
				INFOPLIST_FILE = "Notes/Supporting Files/Info.plist";
				IPHONEOS_DEPLOYMENT_TARGET = 10.0;
				LD_RUNPATH_SEARCH_PATHS = "$(inherited) @executable_path/Frameworks";
				PRODUCT_BUNDLE_IDENTIFIER = br.com.victormelo.Notes;
				PRODUCT_NAME = "$(TARGET_NAME)";
				SWIFT_VERSION = 4.0;
				TARGETED_DEVICE_FAMILY = "1,2";
			};
			name = Debug;
		};
		EEE8E2682019F65400A9EE06 /* Release */ = {
			isa = XCBuildConfiguration;
			buildSettings = {
				ASSETCATALOG_COMPILER_APPICON_NAME = AppIcon;
				CODE_SIGN_STYLE = Automatic;
				DEVELOPMENT_TEAM = Y93HUJS49V;
				INFOPLIST_FILE = "Notes/Supporting Files/Info.plist";
				IPHONEOS_DEPLOYMENT_TARGET = 10.0;
				LD_RUNPATH_SEARCH_PATHS = "$(inherited) @executable_path/Frameworks";
				PRODUCT_BUNDLE_IDENTIFIER = br.com.victormelo.Notes;
				PRODUCT_NAME = "$(TARGET_NAME)";
				SWIFT_VERSION = 4.0;
				TARGETED_DEVICE_FAMILY = "1,2";
			};
			name = Release;
		};
/* End XCBuildConfiguration section */

/* Begin XCConfigurationList section */
		EEE8E24C2019F65400A9EE06 /* Build configuration list for PBXProject "Notes" */ = {
			isa = XCConfigurationList;
			buildConfigurations = (
				EEE8E2642019F65400A9EE06 /* Debug */,
				EEE8E2652019F65400A9EE06 /* Release */,
			);
			defaultConfigurationIsVisible = 0;
			defaultConfigurationName = Release;
		};
		EEE8E2662019F65400A9EE06 /* Build configuration list for PBXNativeTarget "Notes" */ = {
			isa = XCConfigurationList;
			buildConfigurations = (
				EEE8E2672019F65400A9EE06 /* Debug */,
				EEE8E2682019F65400A9EE06 /* Release */,
			);
			defaultConfigurationIsVisible = 0;
			defaultConfigurationName = Release;
		};
/* End XCConfigurationList section */

/* Begin XCVersionGroup section */
		EEE8E25B2019F65400A9EE06 /* Notes.xcdatamodeld */ = {
			isa = XCVersionGroup;
			children = (
				EEE8E25C2019F65400A9EE06 /* Notes.xcdatamodel */,
			);
			currentVersion = EEE8E25C2019F65400A9EE06 /* Notes.xcdatamodel */;
			path = Notes.xcdatamodeld;
			sourceTree = "<group>";
			versionGroupType = wrapper.xcdatamodel;
		};
/* End XCVersionGroup section */
	};
	rootObject = EEE8E2492019F65400A9EE06 /* Project object */;
}
